
Microsoft Visual Studio Solution File, Format Version 12.00
# Visual Studio Version 17
VisualStudioVersion = 17.9.34728.123
MinimumVisualStudioVersion = 10.0.40219.1
Project("{FAE04EC0-301F-11D3-BF4B-00C04F79EFBC}") = "Programacion 3", "Programacion 3.csproj", "{D2589215-2855-405E-A526-C8C8A24347D7}"
EndProject
Global
	GlobalSection(SolutionConfigurationPlatforms) = preSolution
		Debug|Any CPU = Debug|Any CPU
		Release|Any CPU = Release|Any CPU
	EndGlobalSection
	GlobalSection(ProjectConfigurationPlatforms) = postSolution
		{D2589215-2855-405E-A526-C8C8A24347D7}.Debug|Any CPU.ActiveCfg = Debug|Any CPU
		{D2589215-2855-405E-A526-C8C8A24347D7}.Debug|Any CPU.Build.0 = Debug|Any CPU
		{D2589215-2855-405E-A526-C8C8A24347D7}.Release|Any CPU.ActiveCfg = Release|Any CPU
		{D2589215-2855-405E-A526-C8C8A24347D7}.Release|Any CPU.Build.0 = Release|Any CPU
	EndGlobalSection
	GlobalSection(SolutionProperties) = preSolution
		HideSolutionNode = FALSE
	EndGlobalSection
	GlobalSection(ExtensibilityGlobals) = postSolution
		SolutionGuid = {108A48F3-3686-4BC5-8153-51237FFFEF53}
	EndGlobalSection
EndGlobal
