
Microsoft Visual Studio Solution File, Format Version 12.00
# Visual Studio Version 17
VisualStudioVersion = 17.9.34714.143
MinimumVisualStudioVersion = 10.0.40219.1
Project("{FAE04EC0-301F-11D3-BF4B-00C04F79EFBC}") = "TrabajoPractico", "TrabajoPractico\TrabajoPractico.csproj", "{F8355EE3-B6AF-4B20-B428-56167139EA4A}"
EndProject
Global
	GlobalSection(SolutionConfigurationPlatforms) = preSolution
		Debug|Any CPU = Debug|Any CPU
		Release|Any CPU = Release|Any CPU
	EndGlobalSection
	GlobalSection(ProjectConfigurationPlatforms) = postSolution
		{F8355EE3-B6AF-4B20-B428-56167139EA4A}.Debug|Any CPU.ActiveCfg = Debug|Any CPU
		{F8355EE3-B6AF-4B20-B428-56167139EA4A}.Debug|Any CPU.Build.0 = Debug|Any CPU
		{F8355EE3-B6AF-4B20-B428-56167139EA4A}.Release|Any CPU.ActiveCfg = Release|Any CPU
		{F8355EE3-B6AF-4B20-B428-56167139EA4A}.Release|Any CPU.Build.0 = Release|Any CPU
	EndGlobalSection
	GlobalSection(SolutionProperties) = preSolution
		HideSolutionNode = FALSE
	EndGlobalSection
	GlobalSection(ExtensibilityGlobals) = postSolution
		SolutionGuid = {A9D177E7-F397-43A2-95FB-C5DC4B8F37B5}
	EndGlobalSection
EndGlobal
